{
    "_meta": {
        "hash": {
            "sha256": "e9981c62e0bf85804f5fddec851f022cafa639aa687c50f1b033109ae3252db2"
        },
        "host-environment-markers": {
            "implementation_name": "cpython",
            "implementation_version": "0",
            "os_name": "posix",
            "platform_machine": "x86_64",
            "platform_python_implementation": "CPython",
            "platform_release": "4.4.0-112-generic",
            "platform_system": "Linux",
            "platform_version": "#135-Ubuntu SMP Fri Jan 19 11:48:36 UTC 2018",
            "python_full_version": "2.7.13",
            "python_version": "2.7",
            "sys_platform": "linux2"
        },
        "pipfile-spec": 6,
        "requires": {},
        "sources": [
            {
                "name": "pypi",
                "url": "https://pypi.python.org/simple",
                "verify_ssl": true
            }
        ]
    },
    "default": {
        "argparse": {
            "hashes": [
                "sha256:ddaf4b0a618335a32b6664d4ae038a1de8fbada3b25033f9021510ed2b3941a4"
            ],
            "version": "==1.2.1"
        },
        "dj-database-url": {
            "hashes": [
                "sha256:e16d94c382ea0564c48038fa7fe8d9c890ef1ab1a8ec4cb48e732c124b9482fd",
                "sha256:a6832d8445ee9d788c5baa48aef8130bf61fdc442f7d9a548424d25cd85c9f08"
            ],
            "version": "==0.4.2"
        },
        "django": {
            "hashes": [
                "sha256:009ddda445c5750c1a8392979fbd28f3e55de6e43310cd316199837065dff559",
                "sha256:33f781f17f145f79ee8e0b8d753498e0e0188f0b53b2accad4045d623422d5e1"
            ],
            "version": "==1.7"
        },
        "django-geojson": {
            "hashes": [
                "sha256:2569ca4c089cf10f11b0c3683cf1cb073dc595ff2144c6146c1711c4d8dc78ab"
            ],
            "version": "==2.6.0"
        },
        "django-haystack": {
            "hashes": [
                "sha256:5b7160e7909118ce04afc89b80735581e2cc079c2436f30212da4b29b858416d"
            ],
            "version": "==2.3.0"
        },
        "django-localflavor": {
            "hashes": [
                "sha256:c3443b2d4eb810e7762a8be2b693266827c03a034af874796ae0bd173c0e9180",
                "sha256:77f5f5642f1f7464b4d097215063bc9daf9b053b1bc1a9c993cadb02fe0fa7b8"
            ],
            "version": "==1.0"
        },
        "django-overextends": {
            "hashes": [
                "sha256:17f84c55d0b3f31c5417b7ff67cf61c0f4a4993498e5d19e51d7dfe013f50747",
                "sha256:ebb651e59c1f8e22a08b33f0a14f1efdc53d62ec953e23f4189cefae1756031a"
            ],
            "version": "==0.3.2"
        },
        "djangorestframework": {
            "hashes": [
                "sha256:7159db141e40d72cffe1693fc4302321fed67ccc01538bf25eb36eadf8b89f71",
                "sha256:35665c10f552470776eccfd15922d3748e30d7c0102eb77fde47ce297d96bb23"
            ],
            "version": "==2.3.14"
        },
        "elasticsearch": {
            "hashes": [],
            "version": "==1.0"
        },
        "gunicorn": {
            "hashes": [
                "sha256:ffb411757de374d05c759c929908d2397c66e3bcf6f35dee41a6ef9eb851497b",
                "sha256:82715511fb6246fad4ba66d812eb93416ae8371b464fa88bf3867c9c177daa14"
            ],
            "version": "==19.1.1"
        },
        "jsonschema": {
            "hashes": [
                "sha256:5af36686c271097f25ec023546c397cb99bc67a5db3836e52e6b37bdb45ca21e",
                "sha256:1298a2f1b2f4c4a7b921cccd159e4e42f6d7b0fb75c86c0cdecfc71f061833fa",
                "sha256:acf1e360b4682d64ba6acc35dbc65d81d9bde68a291a97f14f16f4282733f5a4"
            ],
            "version": "==2.4.0"
        },
        "mock": {
            "hashes": [
                "sha256:b839dd2d9c117c701430c149956918a423a9863b48b09c90e30a6013e7d2f44f",
                "sha256:8f83080daa249d036cbccfb8ae5cc6ff007b88d6d937521371afabe7b19badbc"
            ],
            "version": "==1.0.1"
        },
        "newrelic": {
            "hashes": [
                "sha256:17d598fccca0845c0337e5276d40d65f951afea6adf9bd9172cff3a87f2ef294"
            ],
            "version": "==2.60.0.46"
        },
        "psycopg2": {
            "hashes": [
                "sha256:3a2df3bb113187227aa97d0dd3d06e0f26be3d50dcdeeaef67fac59ed51a030a"
            ],
            "version": "==2.5.3"
        },
        "requests": {
            "hashes": [
                "sha256:3648802492e955ffeb28f6dab864ad714059f5438bf6798d82f9d477c666aca3",
                "sha256:1c1473875d846fe563d70868acf05b1953a4472f4695b7b3566d1d978957b8fc"
            ],
            "version": "==2.3.0"
        },
        "simplejson": {
            "hashes": [
                "sha256:1e2fe250d0325a6b53ab770376f1729e0bf4883785343bbfab23764419f09d7a"
            ],
            "version": "==3.6.3"
        },
        "six": {
            "hashes": [
                "sha256:832dc0e10feb1aa2c68dcc57dbb658f1c7e65b9b61af69048abc87a2db00a0eb",
                "sha256:70e8a77beed4562e7f14fe23a786b54f6296e34344c23bc42f07b15018ff98e9"
            ],
            "version": "==1.11.0"
        },
        "sphinx-me": {
            "hashes": [
                "sha256:2c67a6bbf9d60631a84b687f0bafbfe2cb16e2663deee28ce03d5f07c7d89807",
                "sha256:98bef823a4053ca1ccbbe2322bd855a3c5e98797c50bcfeeb630fe11c47d5f1a"
            ],
            "version": "==0.3"
        },
        "urllib3": {
            "hashes": [
                "sha256:06330f386d6e4b195fbfc736b297f58c5a892e4440e54d294d7004e3a9bbea1b",
                "sha256:cc44da8e1145637334317feebd728bd869a35285b93cbb4cca2577da7e62db4f"
            ],
            "version": "==1.22"
        },
        "wsgiref": {
            "hashes": [
                "sha256:5e41d89a25465ec65f0f8caf09a2225cf71cfa78b208418177fc2a9420eb51f2",
                "sha256:a8fb9fc452e52b175bb2e0f03f6a640d5efbec2ee23d23464590b1b86d324d4b",
                "sha256:c7e610c800957046c04c8014aab8cce8f0b9f0495c8cd349e57c1f7cabf40e79"
            ],
            "version": "==0.1.2"
        }
    },
    "develop": {}
}
