{
    "_meta": {
        "hash": {
            "sha256": "03919600ae5a86003db5b53016020d3fa0480a25984dad04965ded40796db2aa"
        },
        "host-environment-markers": {
            "implementation_name": "cpython",
            "implementation_version": "0",
            "os_name": "posix",
            "platform_machine": "x86_64",
            "platform_python_implementation": "CPython",
            "platform_release": "4.4.0-112-generic",
            "platform_system": "Linux",
            "platform_version": "#135-Ubuntu SMP Fri Jan 19 11:48:36 UTC 2018",
            "python_full_version": "2.7.13",
            "python_version": "2.7",
            "sys_platform": "linux2"
        },
        "pipfile-spec": 6,
        "requires": {},
        "sources": [
            {
                "name": "pypi",
                "url": "https://pypi.python.org/simple",
                "verify_ssl": true
            }
        ]
    },
    "default": {
        "dj-database-url": {
            "hashes": [
                "sha256:e16d94c382ea0564c48038fa7fe8d9c890ef1ab1a8ec4cb48e732c124b9482fd",
                "sha256:a6832d8445ee9d788c5baa48aef8130bf61fdc442f7d9a548424d25cd85c9f08"
            ],
            "version": "==0.4.2"
        },
        "django": {
            "hashes": [
                "sha256:100164556897c1219f33706e63a656b8848d33d09b0161e2deefcc50978cf62d",
                "sha256:2039144fce8f1b603d03fa5a5643578df1ad007c4ed41a617f02a3943f7059a1"
            ],
            "version": "==1.7.11"
        },
        "django-haystack": {
            "hashes": [
                "sha256:07d13e1902edddb971d18cd3262079dc528b064083dc49b722b6ac50873c32e4"
            ],
            "version": "==2.3.2"
        },
        "django-localflavor": {
            "hashes": [
                "sha256:c3443b2d4eb810e7762a8be2b693266827c03a034af874796ae0bd173c0e9180",
                "sha256:77f5f5642f1f7464b4d097215063bc9daf9b053b1bc1a9c993cadb02fe0fa7b8"
            ],
            "version": "==1.0"
        },
        "djangorestframework": {
            "hashes": [
                "sha256:7159db141e40d72cffe1693fc4302321fed67ccc01538bf25eb36eadf8b89f71",
                "sha256:35665c10f552470776eccfd15922d3748e30d7c0102eb77fde47ce297d96bb23"
            ],
            "version": "==2.3.14"
        },
        "elasticsearch": {
            "hashes": [],
            "version": "==1.0"
        },
        "psycopg2": {
            "hashes": [
                "sha256:c6c330c98ab08c5639f0ccd7e211b82b3a39f001813dcea6bb824a99d2b34fe2"
            ],
            "version": "==2.5.5"
        },
        "simplejson": {
            "hashes": [
                "sha256:2a3189f79d1c7b8a2149a0e783c0b4217fad9b30a6e7d60450f2553dc2c0e57e"
            ],
            "version": "==3.6.5"
        },
        "urllib3": {
            "hashes": [
                "sha256:06330f386d6e4b195fbfc736b297f58c5a892e4440e54d294d7004e3a9bbea1b",
                "sha256:cc44da8e1145637334317feebd728bd869a35285b93cbb4cca2577da7e62db4f"
            ],
            "version": "==1.22"
        }
    },
    "develop": {
        "funcsigs": {
            "hashes": [
                "sha256:330cc27ccbf7f1e992e69fef78261dc7c6569012cf397db8d3de0234e6c937ca",
                "sha256:a7bb0f2cf3a3fd1ab2732cb49eba4252c2af4240442415b4abce3b87022a8f50"
            ],
            "markers": "python_version < '3.3'",
            "version": "==1.0.2"
        },
        "mock": {
            "hashes": [
                "sha256:5ce3c71c5545b472da17b72268978914d0252980348636840bd34a00b5cc96c1",
                "sha256:b158b6df76edd239b8208d481dc46b6afd45a846b7812ff0ce58971cf5bc8bba"
            ],
            "version": "==2.0.0"
        },
        "pbr": {
            "hashes": [
                "sha256:60c25b7dfd054ef9bb0ae327af949dd4676aa09ac3a9471cdc871d8a9213f9ac",
                "sha256:05f61c71aaefc02d8e37c0a3eeb9815ff526ea28b3b76324769e6158d7f95be1"
            ],
            "version": "==3.1.1"
        },
        "six": {
            "hashes": [
                "sha256:832dc0e10feb1aa2c68dcc57dbb658f1c7e65b9b61af69048abc87a2db00a0eb",
                "sha256:70e8a77beed4562e7f14fe23a786b54f6296e34344c23bc42f07b15018ff98e9"
            ],
            "version": "==1.11.0"
        }
    }
}
